
Microsoft Visual Studio Solution File, Format Version 12.00
# Visual Studio Version 17
VisualStudioVersion = 17.4.33110.190
MinimumVisualStudioVersion = 10.0.40219.1
Project("{8BC9CEB8-8B4A-11D0-8D11-00A0C91BC942}") = "CCC '21 S4 - Daily Commute", "DMOJ C++\DMOJ C++.vcxproj", "{EB331FEF-4F98-4C46-AC7E-F3B9F2177277}"
EndProject
Project("{8BC9CEB8-8B4A-11D0-8D11-00A0C91BC942}") = "CCC '20 S2 - Escape Room", "CCC '20 S2 - Escape Room\CCC '20 S2 - Escape Room.vcxproj", "{C480C3D2-316C-48DB-8150-69368AD92AC3}"
EndProject
Project("{8BC9CEB8-8B4A-11D0-8D11-00A0C91BC942}") = "CCC '20 S2 - Escape Room (Youtube Solution)", "CCC '20 S2 - Escape Room (Youtube Solution)\CCC '20 S2 - Escape Room (Youtube Solution).vcxproj", "{F1340034-98C0-4266-8915-8F4CECC5C1DB}"
EndProject
Project("{8BC9CEB8-8B4A-11D0-8D11-00A0C91BC942}") = "CCC '20 S3 - Searching for Strings", "CCC '20 S3 - Searching for Strings\CCC '20 S3 - Searching for Strings.vcxproj", "{2F8D28B3-B737-4AC7-B2F6-24ACD8724957}"
EndProject
Project("{8BC9CEB8-8B4A-11D0-8D11-00A0C91BC942}") = "CCC '10 S1 - Computer Purchase", "CCC '10 S1 - Computer Purchase\CCC '10 S1 - Computer Purchase.vcxproj", "{FA6F86F0-4E8E-44A6-9C6E-E63DF8E0FB7C}"
EndProject
Project("{8BC9CEB8-8B4A-11D0-8D11-00A0C91BC942}") = "CCC '97 S1 - Sentences", "CCC '97 S1 - Sentences\CCC '97 S1 - Sentences.vcxproj", "{7557D8F8-46AC-4D90-B4D1-13B1FD17D92F}"
EndProject
Project("{8BC9CEB8-8B4A-11D0-8D11-00A0C91BC942}") = "CCC '99 S1 - Card Game", "CCC '99 S1 - Card Game\CCC '99 S1 - Card Game.vcxproj", "{90DE4867-BBB5-4880-BEE8-A2632CE201DE}"
EndProject
Project("{8BC9CEB8-8B4A-11D0-8D11-00A0C91BC942}") = "CCC '04 S1 - Fix", "CCC '04 S1 - Fix\CCC '04 S1 - Fix.vcxproj", "{FC65805C-67E8-4706-AD69-974E1D6F2773}"
EndProject
Project("{8BC9CEB8-8B4A-11D0-8D11-00A0C91BC942}") = "CCC '06 S1 - Maternity", "CCC '06 S1 - Maternity\CCC '06 S1 - Maternity.vcxproj", "{85C784BE-0B3D-4094-A126-A1007D822C0B}"
EndProject
Project("{8BC9CEB8-8B4A-11D0-8D11-00A0C91BC942}") = "CCC '22 S2 - Good Groups", "CCC '22 S2 - Good Groups\CCC '22 S2 - Good Groups.vcxproj", "{C6E933BE-FA16-4C34-BAA6-C047BA7EDA8C}"
EndProject
Project("{8BC9CEB8-8B4A-11D0-8D11-00A0C91BC942}") = "Test", "Test\Test.vcxproj", "{A10C6F5A-6455-4AFF-95BE-651B6BD477B1}"
EndProject
Project("{8BC9CEB8-8B4A-11D0-8D11-00A0C91BC942}") = "CCC '09 S2 - Lights Going On and Off", "CCC '09 S2 - Lights Going On and Off\CCC '09 S2 - Lights Going On and Off.vcxproj", "{0AB39700-3BAA-42F8-9014-1BC6AB909B31}"
EndProject
Project("{8BC9CEB8-8B4A-11D0-8D11-00A0C91BC942}") = "CCC '08 S2 - Pennies in the Ring", "CCC '08 S2 - Pennies in the Ring\CCC '08 S2 - Pennies in the Ring.vcxproj", "{D96C4116-0CBA-4B4C-9DF1-F3C10BFE9319}"
EndProject
Project("{8BC9CEB8-8B4A-11D0-8D11-00A0C91BC942}") = "CCC '07 S2 - Boxes", "CCC '07 S2 - Boxes\CCC '07 S2 - Boxes.vcxproj", "{59F11A0F-88E1-4A31-BD83-A16E85972785}"
EndProject
Project("{8BC9CEB8-8B4A-11D0-8D11-00A0C91BC942}") = "CCC '20 S4 - Swapping Seats", "CCC '20 S4 - Swapping Seats\CCC '20 S4 - Swapping Seats.vcxproj", "{6D18E84D-8F38-4623-9CD6-7752181240B6}"
EndProject
Project("{8BC9CEB8-8B4A-11D0-8D11-00A0C91BC942}") = "CCC '20 S4 - Swapping Seats (Youtube Solution)", "CCC '20 S4 - Swapping Seats (Youtube Solution)\CCC '20 S4 - Swapping Seats (Youtube Solution).vcxproj", "{A5CEEDFE-4D6E-4F69-BB69-97FDC371773B}"
EndProject
Project("{8BC9CEB8-8B4A-11D0-8D11-00A0C91BC942}") = "CCC '04 S2 - TopYodeller", "CCC '04 S2 - TopYodeller\CCC '04 S2 - TopYodeller.vcxproj", "{42CAC3C7-B546-4A91-BF11-DF845591FAD9}"
EndProject
Project("{8BC9CEB8-8B4A-11D0-8D11-00A0C91BC942}") = "CCC '01 S2 - Spirals", "CCC '01 S2 - Spirals\CCC '01 S2 - Spirals.vcxproj", "{E2ED8CEA-0F89-43B6-8E03-905D1BF958FF}"
EndProject
Project("{8BC9CEB8-8B4A-11D0-8D11-00A0C91BC942}") = "CCC '96 S2 - Divisibility by 11", "CCC '96 S2 - Divisibility by 11\CCC '96 S2 - Divisibility by 11.vcxproj", "{C9C99920-686A-41EE-9EDC-D8FB8A566F95}"
EndProject
Project("{8BC9CEB8-8B4A-11D0-8D11-00A0C91BC942}") = "CCC '97 S2 - Nasty Numbers", "CCC '97 S2 - Nasty Numbers\CCC '97 S2 - Nasty Numbers.vcxproj", "{DBF1DBBD-877C-40D1-9B4C-5C47C0010FA4}"
EndProject
Project("{8BC9CEB8-8B4A-11D0-8D11-00A0C91BC942}") = "CCC '98 S2 - Cross Number Puzzle", "CCC '98 S2 - Cross Number Puzzle\CCC '98 S2 - Cross Number Puzzle.vcxproj", "{FB0DA980-064F-4D9D-A8DF-1848F1FF6976}"
EndProject
Project("{8BC9CEB8-8B4A-11D0-8D11-00A0C91BC942}") = "CCC '19 S5 - Triangle The Data Structure", "CCC '19 S5 - Triangle The Data Structure\CCC '19 S5 - Triangle The Data Structure.vcxproj", "{AE6FC8F4-EB70-481D-A5B7-A4C377859100}"
EndProject
Project("{8BC9CEB8-8B4A-11D0-8D11-00A0C91BC942}") = "Mock CCC '23 1 S1 - Composite Fibonacci Numbers", "Mock CCC '23 1 S1 - Composite Fibonacci Numbers\Mock CCC '23 1 S1 - Composite Fibonacci Numbers.vcxproj", "{54640FB0-4462-4621-90C6-871DE287307D}"
EndProject
Global
	GlobalSection(SolutionConfigurationPlatforms) = preSolution
		Debug|x64 = Debug|x64
		Debug|x86 = Debug|x86
		Release|x64 = Release|x64
		Release|x86 = Release|x86
	EndGlobalSection
	GlobalSection(ProjectConfigurationPlatforms) = postSolution
		{EB331FEF-4F98-4C46-AC7E-F3B9F2177277}.Debug|x64.ActiveCfg = Debug|x64
		{EB331FEF-4F98-4C46-AC7E-F3B9F2177277}.Debug|x64.Build.0 = Debug|x64
		{EB331FEF-4F98-4C46-AC7E-F3B9F2177277}.Debug|x86.ActiveCfg = Debug|Win32
		{EB331FEF-4F98-4C46-AC7E-F3B9F2177277}.Debug|x86.Build.0 = Debug|Win32
		{EB331FEF-4F98-4C46-AC7E-F3B9F2177277}.Release|x64.ActiveCfg = Release|x64
		{EB331FEF-4F98-4C46-AC7E-F3B9F2177277}.Release|x64.Build.0 = Release|x64
		{EB331FEF-4F98-4C46-AC7E-F3B9F2177277}.Release|x86.ActiveCfg = Release|Win32
		{EB331FEF-4F98-4C46-AC7E-F3B9F2177277}.Release|x86.Build.0 = Release|Win32
		{C480C3D2-316C-48DB-8150-69368AD92AC3}.Debug|x64.ActiveCfg = Debug|x64
		{C480C3D2-316C-48DB-8150-69368AD92AC3}.Debug|x64.Build.0 = Debug|x64
		{C480C3D2-316C-48DB-8150-69368AD92AC3}.Debug|x86.ActiveCfg = Debug|Win32
		{C480C3D2-316C-48DB-8150-69368AD92AC3}.Debug|x86.Build.0 = Debug|Win32
		{C480C3D2-316C-48DB-8150-69368AD92AC3}.Release|x64.ActiveCfg = Release|x64
		{C480C3D2-316C-48DB-8150-69368AD92AC3}.Release|x64.Build.0 = Release|x64
		{C480C3D2-316C-48DB-8150-69368AD92AC3}.Release|x86.ActiveCfg = Release|Win32
		{C480C3D2-316C-48DB-8150-69368AD92AC3}.Release|x86.Build.0 = Release|Win32
		{F1340034-98C0-4266-8915-8F4CECC5C1DB}.Debug|x64.ActiveCfg = Debug|x64
		{F1340034-98C0-4266-8915-8F4CECC5C1DB}.Debug|x64.Build.0 = Debug|x64
		{F1340034-98C0-4266-8915-8F4CECC5C1DB}.Debug|x86.ActiveCfg = Debug|Win32
		{F1340034-98C0-4266-8915-8F4CECC5C1DB}.Debug|x86.Build.0 = Debug|Win32
		{F1340034-98C0-4266-8915-8F4CECC5C1DB}.Release|x64.ActiveCfg = Release|x64
		{F1340034-98C0-4266-8915-8F4CECC5C1DB}.Release|x64.Build.0 = Release|x64
		{F1340034-98C0-4266-8915-8F4CECC5C1DB}.Release|x86.ActiveCfg = Release|Win32
		{F1340034-98C0-4266-8915-8F4CECC5C1DB}.Release|x86.Build.0 = Release|Win32
		{2F8D28B3-B737-4AC7-B2F6-24ACD8724957}.Debug|x64.ActiveCfg = Debug|x64
		{2F8D28B3-B737-4AC7-B2F6-24ACD8724957}.Debug|x64.Build.0 = Debug|x64
		{2F8D28B3-B737-4AC7-B2F6-24ACD8724957}.Debug|x86.ActiveCfg = Debug|Win32
		{2F8D28B3-B737-4AC7-B2F6-24ACD8724957}.Debug|x86.Build.0 = Debug|Win32
		{2F8D28B3-B737-4AC7-B2F6-24ACD8724957}.Release|x64.ActiveCfg = Release|x64
		{2F8D28B3-B737-4AC7-B2F6-24ACD8724957}.Release|x64.Build.0 = Release|x64
		{2F8D28B3-B737-4AC7-B2F6-24ACD8724957}.Release|x86.ActiveCfg = Release|Win32
		{2F8D28B3-B737-4AC7-B2F6-24ACD8724957}.Release|x86.Build.0 = Release|Win32
		{FA6F86F0-4E8E-44A6-9C6E-E63DF8E0FB7C}.Debug|x64.ActiveCfg = Debug|x64
		{FA6F86F0-4E8E-44A6-9C6E-E63DF8E0FB7C}.Debug|x64.Build.0 = Debug|x64
		{FA6F86F0-4E8E-44A6-9C6E-E63DF8E0FB7C}.Debug|x86.ActiveCfg = Debug|Win32
		{FA6F86F0-4E8E-44A6-9C6E-E63DF8E0FB7C}.Debug|x86.Build.0 = Debug|Win32
		{FA6F86F0-4E8E-44A6-9C6E-E63DF8E0FB7C}.Release|x64.ActiveCfg = Release|x64
		{FA6F86F0-4E8E-44A6-9C6E-E63DF8E0FB7C}.Release|x64.Build.0 = Release|x64
		{FA6F86F0-4E8E-44A6-9C6E-E63DF8E0FB7C}.Release|x86.ActiveCfg = Release|Win32
		{FA6F86F0-4E8E-44A6-9C6E-E63DF8E0FB7C}.Release|x86.Build.0 = Release|Win32
		{7557D8F8-46AC-4D90-B4D1-13B1FD17D92F}.Debug|x64.ActiveCfg = Debug|x64
		{7557D8F8-46AC-4D90-B4D1-13B1FD17D92F}.Debug|x64.Build.0 = Debug|x64
		{7557D8F8-46AC-4D90-B4D1-13B1FD17D92F}.Debug|x86.ActiveCfg = Debug|Win32
		{7557D8F8-46AC-4D90-B4D1-13B1FD17D92F}.Debug|x86.Build.0 = Debug|Win32
		{7557D8F8-46AC-4D90-B4D1-13B1FD17D92F}.Release|x64.ActiveCfg = Release|x64
		{7557D8F8-46AC-4D90-B4D1-13B1FD17D92F}.Release|x64.Build.0 = Release|x64
		{7557D8F8-46AC-4D90-B4D1-13B1FD17D92F}.Release|x86.ActiveCfg = Release|Win32
		{7557D8F8-46AC-4D90-B4D1-13B1FD17D92F}.Release|x86.Build.0 = Release|Win32
		{90DE4867-BBB5-4880-BEE8-A2632CE201DE}.Debug|x64.ActiveCfg = Debug|x64
		{90DE4867-BBB5-4880-BEE8-A2632CE201DE}.Debug|x64.Build.0 = Debug|x64
		{90DE4867-BBB5-4880-BEE8-A2632CE201DE}.Debug|x86.ActiveCfg = Debug|Win32
		{90DE4867-BBB5-4880-BEE8-A2632CE201DE}.Debug|x86.Build.0 = Debug|Win32
		{90DE4867-BBB5-4880-BEE8-A2632CE201DE}.Release|x64.ActiveCfg = Release|x64
		{90DE4867-BBB5-4880-BEE8-A2632CE201DE}.Release|x64.Build.0 = Release|x64
		{90DE4867-BBB5-4880-BEE8-A2632CE201DE}.Release|x86.ActiveCfg = Release|Win32
		{90DE4867-BBB5-4880-BEE8-A2632CE201DE}.Release|x86.Build.0 = Release|Win32
		{FC65805C-67E8-4706-AD69-974E1D6F2773}.Debug|x64.ActiveCfg = Debug|x64
		{FC65805C-67E8-4706-AD69-974E1D6F2773}.Debug|x64.Build.0 = Debug|x64
		{FC65805C-67E8-4706-AD69-974E1D6F2773}.Debug|x86.ActiveCfg = Debug|Win32
		{FC65805C-67E8-4706-AD69-974E1D6F2773}.Debug|x86.Build.0 = Debug|Win32
		{FC65805C-67E8-4706-AD69-974E1D6F2773}.Release|x64.ActiveCfg = Release|x64
		{FC65805C-67E8-4706-AD69-974E1D6F2773}.Release|x64.Build.0 = Release|x64
		{FC65805C-67E8-4706-AD69-974E1D6F2773}.Release|x86.ActiveCfg = Release|Win32
		{FC65805C-67E8-4706-AD69-974E1D6F2773}.Release|x86.Build.0 = Release|Win32
		{85C784BE-0B3D-4094-A126-A1007D822C0B}.Debug|x64.ActiveCfg = Debug|x64
		{85C784BE-0B3D-4094-A126-A1007D822C0B}.Debug|x64.Build.0 = Debug|x64
		{85C784BE-0B3D-4094-A126-A1007D822C0B}.Debug|x86.ActiveCfg = Debug|Win32
		{85C784BE-0B3D-4094-A126-A1007D822C0B}.Debug|x86.Build.0 = Debug|Win32
		{85C784BE-0B3D-4094-A126-A1007D822C0B}.Release|x64.ActiveCfg = Release|x64
		{85C784BE-0B3D-4094-A126-A1007D822C0B}.Release|x64.Build.0 = Release|x64
		{85C784BE-0B3D-4094-A126-A1007D822C0B}.Release|x86.ActiveCfg = Release|Win32
		{85C784BE-0B3D-4094-A126-A1007D822C0B}.Release|x86.Build.0 = Release|Win32
		{C6E933BE-FA16-4C34-BAA6-C047BA7EDA8C}.Debug|x64.ActiveCfg = Debug|x64
		{C6E933BE-FA16-4C34-BAA6-C047BA7EDA8C}.Debug|x64.Build.0 = Debug|x64
		{C6E933BE-FA16-4C34-BAA6-C047BA7EDA8C}.Debug|x86.ActiveCfg = Debug|Win32
		{C6E933BE-FA16-4C34-BAA6-C047BA7EDA8C}.Debug|x86.Build.0 = Debug|Win32
		{C6E933BE-FA16-4C34-BAA6-C047BA7EDA8C}.Release|x64.ActiveCfg = Release|x64
		{C6E933BE-FA16-4C34-BAA6-C047BA7EDA8C}.Release|x64.Build.0 = Release|x64
		{C6E933BE-FA16-4C34-BAA6-C047BA7EDA8C}.Release|x86.ActiveCfg = Release|Win32
		{C6E933BE-FA16-4C34-BAA6-C047BA7EDA8C}.Release|x86.Build.0 = Release|Win32
		{A10C6F5A-6455-4AFF-95BE-651B6BD477B1}.Debug|x64.ActiveCfg = Debug|x64
		{A10C6F5A-6455-4AFF-95BE-651B6BD477B1}.Debug|x64.Build.0 = Debug|x64
		{A10C6F5A-6455-4AFF-95BE-651B6BD477B1}.Debug|x86.ActiveCfg = Debug|Win32
		{A10C6F5A-6455-4AFF-95BE-651B6BD477B1}.Debug|x86.Build.0 = Debug|Win32
		{A10C6F5A-6455-4AFF-95BE-651B6BD477B1}.Release|x64.ActiveCfg = Release|x64
		{A10C6F5A-6455-4AFF-95BE-651B6BD477B1}.Release|x64.Build.0 = Release|x64
		{A10C6F5A-6455-4AFF-95BE-651B6BD477B1}.Release|x86.ActiveCfg = Release|Win32
		{A10C6F5A-6455-4AFF-95BE-651B6BD477B1}.Release|x86.Build.0 = Release|Win32
		{0AB39700-3BAA-42F8-9014-1BC6AB909B31}.Debug|x64.ActiveCfg = Debug|x64
		{0AB39700-3BAA-42F8-9014-1BC6AB909B31}.Debug|x64.Build.0 = Debug|x64
		{0AB39700-3BAA-42F8-9014-1BC6AB909B31}.Debug|x86.ActiveCfg = Debug|Win32
		{0AB39700-3BAA-42F8-9014-1BC6AB909B31}.Debug|x86.Build.0 = Debug|Win32
		{0AB39700-3BAA-42F8-9014-1BC6AB909B31}.Release|x64.ActiveCfg = Release|x64
		{0AB39700-3BAA-42F8-9014-1BC6AB909B31}.Release|x64.Build.0 = Release|x64
		{0AB39700-3BAA-42F8-9014-1BC6AB909B31}.Release|x86.ActiveCfg = Release|Win32
		{0AB39700-3BAA-42F8-9014-1BC6AB909B31}.Release|x86.Build.0 = Release|Win32
		{D96C4116-0CBA-4B4C-9DF1-F3C10BFE9319}.Debug|x64.ActiveCfg = Debug|x64
		{D96C4116-0CBA-4B4C-9DF1-F3C10BFE9319}.Debug|x64.Build.0 = Debug|x64
		{D96C4116-0CBA-4B4C-9DF1-F3C10BFE9319}.Debug|x86.ActiveCfg = Debug|Win32
		{D96C4116-0CBA-4B4C-9DF1-F3C10BFE9319}.Debug|x86.Build.0 = Debug|Win32
		{D96C4116-0CBA-4B4C-9DF1-F3C10BFE9319}.Release|x64.ActiveCfg = Release|x64
		{D96C4116-0CBA-4B4C-9DF1-F3C10BFE9319}.Release|x64.Build.0 = Release|x64
		{D96C4116-0CBA-4B4C-9DF1-F3C10BFE9319}.Release|x86.ActiveCfg = Release|Win32
		{D96C4116-0CBA-4B4C-9DF1-F3C10BFE9319}.Release|x86.Build.0 = Release|Win32
		{59F11A0F-88E1-4A31-BD83-A16E85972785}.Debug|x64.ActiveCfg = Debug|x64
		{59F11A0F-88E1-4A31-BD83-A16E85972785}.Debug|x64.Build.0 = Debug|x64
		{59F11A0F-88E1-4A31-BD83-A16E85972785}.Debug|x86.ActiveCfg = Debug|Win32
		{59F11A0F-88E1-4A31-BD83-A16E85972785}.Debug|x86.Build.0 = Debug|Win32
		{59F11A0F-88E1-4A31-BD83-A16E85972785}.Release|x64.ActiveCfg = Release|x64
		{59F11A0F-88E1-4A31-BD83-A16E85972785}.Release|x64.Build.0 = Release|x64
		{59F11A0F-88E1-4A31-BD83-A16E85972785}.Release|x86.ActiveCfg = Release|Win32
		{59F11A0F-88E1-4A31-BD83-A16E85972785}.Release|x86.Build.0 = Release|Win32
		{6D18E84D-8F38-4623-9CD6-7752181240B6}.Debug|x64.ActiveCfg = Debug|x64
		{6D18E84D-8F38-4623-9CD6-7752181240B6}.Debug|x64.Build.0 = Debug|x64
		{6D18E84D-8F38-4623-9CD6-7752181240B6}.Debug|x86.ActiveCfg = Debug|Win32
		{6D18E84D-8F38-4623-9CD6-7752181240B6}.Debug|x86.Build.0 = Debug|Win32
		{6D18E84D-8F38-4623-9CD6-7752181240B6}.Release|x64.ActiveCfg = Release|x64
		{6D18E84D-8F38-4623-9CD6-7752181240B6}.Release|x64.Build.0 = Release|x64
		{6D18E84D-8F38-4623-9CD6-7752181240B6}.Release|x86.ActiveCfg = Release|Win32
		{6D18E84D-8F38-4623-9CD6-7752181240B6}.Release|x86.Build.0 = Release|Win32
		{A5CEEDFE-4D6E-4F69-BB69-97FDC371773B}.Debug|x64.ActiveCfg = Debug|x64
		{A5CEEDFE-4D6E-4F69-BB69-97FDC371773B}.Debug|x64.Build.0 = Debug|x64
		{A5CEEDFE-4D6E-4F69-BB69-97FDC371773B}.Debug|x86.ActiveCfg = Debug|Win32
		{A5CEEDFE-4D6E-4F69-BB69-97FDC371773B}.Debug|x86.Build.0 = Debug|Win32
		{A5CEEDFE-4D6E-4F69-BB69-97FDC371773B}.Release|x64.ActiveCfg = Release|x64
		{A5CEEDFE-4D6E-4F69-BB69-97FDC371773B}.Release|x64.Build.0 = Release|x64
		{A5CEEDFE-4D6E-4F69-BB69-97FDC371773B}.Release|x86.ActiveCfg = Release|Win32
		{A5CEEDFE-4D6E-4F69-BB69-97FDC371773B}.Release|x86.Build.0 = Release|Win32
		{42CAC3C7-B546-4A91-BF11-DF845591FAD9}.Debug|x64.ActiveCfg = Debug|x64
		{42CAC3C7-B546-4A91-BF11-DF845591FAD9}.Debug|x64.Build.0 = Debug|x64
		{42CAC3C7-B546-4A91-BF11-DF845591FAD9}.Debug|x86.ActiveCfg = Debug|Win32
		{42CAC3C7-B546-4A91-BF11-DF845591FAD9}.Debug|x86.Build.0 = Debug|Win32
		{42CAC3C7-B546-4A91-BF11-DF845591FAD9}.Release|x64.ActiveCfg = Release|x64
		{42CAC3C7-B546-4A91-BF11-DF845591FAD9}.Release|x64.Build.0 = Release|x64
		{42CAC3C7-B546-4A91-BF11-DF845591FAD9}.Release|x86.ActiveCfg = Release|Win32
		{42CAC3C7-B546-4A91-BF11-DF845591FAD9}.Release|x86.Build.0 = Release|Win32
		{E2ED8CEA-0F89-43B6-8E03-905D1BF958FF}.Debug|x64.ActiveCfg = Debug|x64
		{E2ED8CEA-0F89-43B6-8E03-905D1BF958FF}.Debug|x64.Build.0 = Debug|x64
		{E2ED8CEA-0F89-43B6-8E03-905D1BF958FF}.Debug|x86.ActiveCfg = Debug|Win32
		{E2ED8CEA-0F89-43B6-8E03-905D1BF958FF}.Debug|x86.Build.0 = Debug|Win32
		{E2ED8CEA-0F89-43B6-8E03-905D1BF958FF}.Release|x64.ActiveCfg = Release|x64
		{E2ED8CEA-0F89-43B6-8E03-905D1BF958FF}.Release|x64.Build.0 = Release|x64
		{E2ED8CEA-0F89-43B6-8E03-905D1BF958FF}.Release|x86.ActiveCfg = Release|Win32
		{E2ED8CEA-0F89-43B6-8E03-905D1BF958FF}.Release|x86.Build.0 = Release|Win32
		{C9C99920-686A-41EE-9EDC-D8FB8A566F95}.Debug|x64.ActiveCfg = Debug|x64
		{C9C99920-686A-41EE-9EDC-D8FB8A566F95}.Debug|x64.Build.0 = Debug|x64
		{C9C99920-686A-41EE-9EDC-D8FB8A566F95}.Debug|x86.ActiveCfg = Debug|Win32
		{C9C99920-686A-41EE-9EDC-D8FB8A566F95}.Debug|x86.Build.0 = Debug|Win32
		{C9C99920-686A-41EE-9EDC-D8FB8A566F95}.Release|x64.ActiveCfg = Release|x64
		{C9C99920-686A-41EE-9EDC-D8FB8A566F95}.Release|x64.Build.0 = Release|x64
		{C9C99920-686A-41EE-9EDC-D8FB8A566F95}.Release|x86.ActiveCfg = Release|Win32
		{C9C99920-686A-41EE-9EDC-D8FB8A566F95}.Release|x86.Build.0 = Release|Win32
		{DBF1DBBD-877C-40D1-9B4C-5C47C0010FA4}.Debug|x64.ActiveCfg = Debug|x64
		{DBF1DBBD-877C-40D1-9B4C-5C47C0010FA4}.Debug|x64.Build.0 = Debug|x64
		{DBF1DBBD-877C-40D1-9B4C-5C47C0010FA4}.Debug|x86.ActiveCfg = Debug|Win32
		{DBF1DBBD-877C-40D1-9B4C-5C47C0010FA4}.Debug|x86.Build.0 = Debug|Win32
		{DBF1DBBD-877C-40D1-9B4C-5C47C0010FA4}.Release|x64.ActiveCfg = Release|x64
		{DBF1DBBD-877C-40D1-9B4C-5C47C0010FA4}.Release|x64.Build.0 = Release|x64
		{DBF1DBBD-877C-40D1-9B4C-5C47C0010FA4}.Release|x86.ActiveCfg = Release|Win32
		{DBF1DBBD-877C-40D1-9B4C-5C47C0010FA4}.Release|x86.Build.0 = Release|Win32
		{FB0DA980-064F-4D9D-A8DF-1848F1FF6976}.Debug|x64.ActiveCfg = Debug|x64
		{FB0DA980-064F-4D9D-A8DF-1848F1FF6976}.Debug|x64.Build.0 = Debug|x64
		{FB0DA980-064F-4D9D-A8DF-1848F1FF6976}.Debug|x86.ActiveCfg = Debug|Win32
		{FB0DA980-064F-4D9D-A8DF-1848F1FF6976}.Debug|x86.Build.0 = Debug|Win32
		{FB0DA980-064F-4D9D-A8DF-1848F1FF6976}.Release|x64.ActiveCfg = Release|x64
		{FB0DA980-064F-4D9D-A8DF-1848F1FF6976}.Release|x64.Build.0 = Release|x64
		{FB0DA980-064F-4D9D-A8DF-1848F1FF6976}.Release|x86.ActiveCfg = Release|Win32
		{FB0DA980-064F-4D9D-A8DF-1848F1FF6976}.Release|x86.Build.0 = Release|Win32
		{AE6FC8F4-EB70-481D-A5B7-A4C377859100}.Debug|x64.ActiveCfg = Debug|x64
		{AE6FC8F4-EB70-481D-A5B7-A4C377859100}.Debug|x64.Build.0 = Debug|x64
		{AE6FC8F4-EB70-481D-A5B7-A4C377859100}.Debug|x86.ActiveCfg = Debug|Win32
		{AE6FC8F4-EB70-481D-A5B7-A4C377859100}.Debug|x86.Build.0 = Debug|Win32
		{AE6FC8F4-EB70-481D-A5B7-A4C377859100}.Release|x64.ActiveCfg = Release|x64
		{AE6FC8F4-EB70-481D-A5B7-A4C377859100}.Release|x64.Build.0 = Release|x64
		{AE6FC8F4-EB70-481D-A5B7-A4C377859100}.Release|x86.ActiveCfg = Release|Win32
		{AE6FC8F4-EB70-481D-A5B7-A4C377859100}.Release|x86.Build.0 = Release|Win32
		{54640FB0-4462-4621-90C6-871DE287307D}.Debug|x64.ActiveCfg = Debug|x64
		{54640FB0-4462-4621-90C6-871DE287307D}.Debug|x64.Build.0 = Debug|x64
		{54640FB0-4462-4621-90C6-871DE287307D}.Debug|x86.ActiveCfg = Debug|Win32
		{54640FB0-4462-4621-90C6-871DE287307D}.Debug|x86.Build.0 = Debug|Win32
		{54640FB0-4462-4621-90C6-871DE287307D}.Release|x64.ActiveCfg = Release|x64
		{54640FB0-4462-4621-90C6-871DE287307D}.Release|x64.Build.0 = Release|x64
		{54640FB0-4462-4621-90C6-871DE287307D}.Release|x86.ActiveCfg = Release|Win32
		{54640FB0-4462-4621-90C6-871DE287307D}.Release|x86.Build.0 = Release|Win32
	EndGlobalSection
	GlobalSection(SolutionProperties) = preSolution
		HideSolutionNode = FALSE
	EndGlobalSection
	GlobalSection(ExtensibilityGlobals) = postSolution
		SolutionGuid = {9D780D65-96ED-4DDD-9BE1-4F848FF41D0B}
	EndGlobalSection
EndGlobal
